
Microsoft Visual Studio Solution File, Format Version 12.00
# Visual Studio Version 16
VisualStudioVersion = 16.0.33423.256
MinimumVisualStudioVersion = 10.0.40219.1
Project("{FAE04EC0-301F-11D3-BF4B-00C04F79EFBC}") = "prueba2", "prueba2\prueba2.csproj", "{99545A56-5B12-4B15-8FCA-9AD874A38381}"
EndProject
Global
	GlobalSection(SolutionConfigurationPlatforms) = preSolution
		Debug|Any CPU = Debug|Any CPU
		Release|Any CPU = Release|Any CPU
	EndGlobalSection
	GlobalSection(ProjectConfigurationPlatforms) = postSolution
		{99545A56-5B12-4B15-8FCA-9AD874A38381}.Debug|Any CPU.ActiveCfg = Debug|Any CPU
		{99545A56-5B12-4B15-8FCA-9AD874A38381}.Debug|Any CPU.Build.0 = Debug|Any CPU
		{99545A56-5B12-4B15-8FCA-9AD874A38381}.Release|Any CPU.ActiveCfg = Release|Any CPU
		{99545A56-5B12-4B15-8FCA-9AD874A38381}.Release|Any CPU.Build.0 = Release|Any CPU
	EndGlobalSection
	GlobalSection(SolutionProperties) = preSolution
		HideSolutionNode = FALSE
	EndGlobalSection
	GlobalSection(ExtensibilityGlobals) = postSolution
		SolutionGuid = {0856C08C-3DBE-40D5-B32B-A7C21977C76F}
	EndGlobalSection
EndGlobal
